# This file is automatically @generated by Cargo.
# It is not intended for manual editing.
version = 4

[[package]]
name = "mirae-audio"
version = "0.0.0"

[[package]]
name = "mirae-commands"
version = "0.0.0"

[[package]]
name = "mirae-contracts"
version = "0.0.0"

[[package]]
name = "mirae-domain"
version = "0.0.0"

[[package]]
name = "mirae-encoder"
version = "0.0.0"

[[package]]
name = "mirae-engine"
version = "0.0.0"

[[package]]
name = "mirae-errors"
version = "0.0.0"

[[package]]
name = "mirae-extension-brokers"
version = "0.0.0"

[[package]]
name = "mirae-extension-host"
version = "0.0.0"

[[package]]
name = "mirae-extension-host-runtime"
version = "0.0.0"

[[package]]
name = "mirae-extension-manager"
version = "0.0.0"

[[package]]
name = "mirae-frame-compiler"
version = "0.0.0"

[[package]]
name = "mirae-media-ffmpeg"
version = "0.0.0"

[[package]]
name = "mirae-media-types"
version = "0.0.0"

[[package]]
name = "mirae-observability"
version = "0.0.0"
dependencies = [
 "mirae-errors",
]

[[package]]
name = "mirae-output"
version = "0.0.0"

[[package]]
name = "mirae-platform"
version = "0.0.0"

[[package]]
name = "mirae-platform-linux"
version = "0.0.0"

[[package]]
name = "mirae-platform-macos"
version = "0.0.0"

[[package]]
name = "mirae-platform-windows"
version = "0.0.0"

[[package]]
name = "mirae-project"
version = "0.0.0"

[[package]]
name = "mirae-render-graph"
version = "0.0.0"

[[package]]
name = "mirae-renderer"
version = "0.0.0"

[[package]]
name = "mirae-renderer-wgpu"
version = "0.0.0"

[[package]]
name = "mirae-runtime"
version = "0.0.0"

[[package]]
name = "mirae-scene"
version = "0.0.0"

[[package]]
name = "mirae-sdk-protocol"
version = "0.0.0"

[[package]]
name = "mirae-shaders"
version = "0.0.0"

[[package]]
name = "mirae-shell"
version = "0.0.0"

[[package]]
name = "mirae-source-runtime"
version = "0.0.0"

[[package]]
name = "mirae-state"
version = "0.0.0"

[[package]]
name = "mirae-test-support"
version = "0.0.0"

[[package]]
name = "mirae-types"
version = "0.0.0"

[[package]]
name = "xtask"
version = "0.0.0"
